{
  "lockfileVersion": 1,
  "configVersion": 1,
  "workspaces": {
    "": {
      "dependencies": {
        "react": "^19.2.7",
        "react-router": "^8.0.1",
      },
      "devDependencies": {
        "autoprefixer": "^10.5.2",
        "postcss": "^8.5.16",
        "tailwindcss": "^4.3.2",
      },
    },
  },
  "packages": {
    "autoprefixer": ["autoprefixer@10.5.2", "", { "dependencies": { "browserslist": "^4.28.4", "caniuse-lite": "^1.0.30001799", "fraction.js": "^5.3.4", "picocolors": "^1.1.1", "postcss-value-parser": "^4.2.0" }, "peerDependencies": { "postcss": "^8.1.0" }, "bin": { "autoprefixer": "bin/autoprefixer" } }, "sha512-rD5t5DwOjJdmSORcTq64j8MawTC+tbQ+HHqjR4NDumamy/ambn1UJrlKL+KdwujWxMkFjPM3pPHOEA9tl4767Q=="],

    "baseline-browser-mapping": ["baseline-browser-mapping@2.10.40", "", { "bin": { "baseline-browser-mapping": "dist/cli.cjs" } }, "sha512-BSSLZ9/Cjjv7Gtj5B68ZzXcXUg8iOf3fme+FCuh8rC/Go+Kmh8cox7M3A8dolou16s64QjLPOSdngh7GxXvkSw=="],

    "browserslist": ["browserslist@4.28.4", "", { "dependencies": { "baseline-browser-mapping": "^2.10.38", "caniuse-lite": "^1.0.30001799", "electron-to-chromium": "^1.5.376", "node-releases": "^2.0.48", "update-browserslist-db": "^1.2.3" }, "bin": { "browserslist": "cli.js" } }, "sha512-MTc8i/x9jBQd1iMw2CFGS+rwMa07eYjLR0CCTLDACl9xhxy+nIs3KeML/biicXtk9JrZ6dnnTatmc7ErPXIxqw=="],

    "caniuse-lite": ["caniuse-lite@1.0.30001800", "", {}, "sha512-MMHtuAz9Ys840zAY5F4k6fV5GaivZ9sPk+nz0mY+GYVzRBnYkN0mpqkSR92oWRQ19yQWo4HvBV/FnC16AJX8MA=="],

    "cookie-es": ["cookie-es@3.1.1", "", {}, "sha512-UaXxwISYJPTr9hwQxMFYZ7kNhSXboMXP+Z3TRX6f1/NyaGPfuNUZOWP1pUEb75B2HjfklIYLVRfWiFZJyC6Npg=="],

    "electron-to-chromium": ["electron-to-chromium@1.5.383", "", {}, "sha512-I2484/KkAvl8lm9VyjH2JnbOIV0d/UCqT7gbzs6l+o6Vmn9wgB66uVcKX+Vk6HrXtY6fbWTOEXuv8waDTuFNCw=="],

    "escalade": ["escalade@3.2.0", "", {}, "sha512-WUj2qlxaQtO4g6Pq5c29GTcWGDyd8itL8zTlipgECz3JesAiiOKotd8JU6otB3PACgG6xkJUyVhboMS+bje/jA=="],

    "fraction.js": ["fraction.js@5.3.4", "", {}, "sha512-1X1NTtiJphryn/uLQz3whtY6jK3fTqoE3ohKs0tT+Ujr1W59oopxmoEh7Lu5p6vBaPbgoM0bzveAW4Qi5RyWDQ=="],

    "nanoid": ["nanoid@3.3.15", "", { "bin": { "nanoid": "bin/nanoid.cjs" } }, "sha512-y7Wygv/7mEOvxTuEQDB8StXdMRBWf1kR/tlhAzBRUFkB2jfcLOAxO/SHmOO2zgz1pVgK29/kyupn059/bCHdjA=="],

    "node-releases": ["node-releases@2.0.50", "", {}, "sha512-J6l92tKHX6w8Jy5nO1Vuc01NoIiRGi/d6qBKVxh+IQ8Cr3b6HbVNfKiF8ZpFKufTwpwxMmce2W3iQZ861ZRyTg=="],

    "picocolors": ["picocolors@1.1.1", "", {}, "sha512-xceH2snhtb5M9liqDsmEw56le376mTZkEX/jEb/RxNFyegNul7eNslCXP9FDj/Lcu0X8KEyMceP2ntpaHrDEVA=="],

    "postcss": ["postcss@8.5.16", "", { "dependencies": { "nanoid": "^3.3.12", "picocolors": "^1.1.1", "source-map-js": "^1.2.1" } }, "sha512-vuwillviilfKZsg0VGj5R/YwwcHx4SLsIOI/7K6mQkWx+l5cUHTjj5g0AasTBcyXsbfTgrwsUNmVUb5xVwyPwg=="],

    "postcss-value-parser": ["postcss-value-parser@4.2.0", "", {}, "sha512-1NNCs6uurfkVbeXG4S8JFT9t19m45ICnif8zWLd5oPSZ50QnwMfK+H3jv408d4jw/7Bttv5axS5IiHoLaVNHeQ=="],

    "react": ["react@19.2.7", "", {}, "sha512-HNe9WslTbXmFK8o8cmwgAeJFSBvt1bPdHCVKtaaV+WlAN36mpT4hcRpwbf3fY56ar2oIXzsBpOAiIRHAdY0OlQ=="],

    "react-router": ["react-router@8.0.1", "", { "dependencies": { "cookie-es": "^3.1.1" }, "peerDependencies": { "react": ">=19.2.7", "react-dom": ">=19.2.7" }, "optionalPeers": ["react-dom"] }, "sha512-5EL/fANovVUhRK50NLS8RYfX0BxrimoKsHWUPPy8v5UEl8i6vzF7e4POo3u+AhPItDwccUAJjMfIOmydxBJmQw=="],

    "source-map-js": ["source-map-js@1.2.1", "", {}, "sha512-UXWMKhLOwVKb728IUtQPXxfYU+usdybtUrK/8uGE8CQMvrhOpwvzDBwj0QhSL7MQc7vIsISBG8VQ8+IDQxpfQA=="],

    "tailwindcss": ["tailwindcss@4.3.2", "", {}, "sha512-WtctNNSH8A9jlMIqxzuYumOHU5uGZyRv0Q5svQl+oEPy5w84YpBxdb7MdqyiSPQge5jTJ6zFQLq0PFygdccSBA=="],

    "update-browserslist-db": ["update-browserslist-db@1.2.3", "", { "dependencies": { "escalade": "^3.2.0", "picocolors": "^1.1.1" }, "peerDependencies": { "browserslist": ">= 4.21.0" }, "bin": { "update-browserslist-db": "cli.js" } }, "sha512-Js0m9cx+qOgDxo0eMiFGEueWztz+d4+M3rGlmKPT+T4IS/jP4ylw3Nwpu6cpTTP8R1MAC1kF4VbdLt3ARf209w=="],
  }
}
